# This file is autogenerated, do not edit; changes may be undone by the next 'dep ensure'.


[[projects]]
  digest = "1:b24d38b282bacf9791408a080f606370efa3d364e4b5fd9ba0f7b87786d3b679"
  name = "github.com/urfave/cli"
  packages = ["."]
  pruneopts = "UT"
  revision = "cfb38830724cc34fedffe9a2a29fb54fa9169cd1"
  version = "v1.20.0"

[[projects]]
  branch = "master"
  digest = "1:bb6f50d68f6e52d52dd9911e5d6f4d3fa5b7f9941818bcb7f6a525f82d06ba88"
  name = "github.com/yosida95/golang-jenkins"
  packages = ["."]
  pruneopts = "UT"
  revision = "e659c8a6f335a51a56b111c8e9044cf2db3d70eb"

[solve-meta]
  analyzer-name = "dep"
  analyzer-version = 1
  input-imports = [
    "github.com/urfave/cli",
    "github.com/yosida95/golang-jenkins",
  ]
  solver-name = "gps-cdcl"
  solver-version = 1
